
Microsoft Visual Studio Solution File, Format Version 12.00
# Visual Studio Version 16
VisualStudioVersion = 16.0.30011.22
MinimumVisualStudioVersion = 10.0.40219.1
Project("{9A19103F-16F7-4668-BE54-9A1E7A4F7556}") = "SoapSamples", "SoapSamples\SoapSamples.csproj", "{611F0AF1-36CD-4889-B5B2-9FFA736E711C}"
EndProject
Project("{9A19103F-16F7-4668-BE54-9A1E7A4F7556}") = "MyCompany.SteeltoeExample", "MyCompany.SteeltoeExample\MyCompany.SteeltoeExample.csproj", "{4D0CCA76-2DE3-4185-A8B3-FFBD3E0059E3}"
EndProject
Project("{9A19103F-16F7-4668-BE54-9A1E7A4F7556}") = "SoapSample", "SoapSample\SoapSample.csproj", "{19478AD5-1383-4410-AFCF-58CDDCE28C29}"
EndProject
Global
	GlobalSection(SolutionConfigurationPlatforms) = preSolution
		Debug|Any CPU = Debug|Any CPU
		Release|Any CPU = Release|Any CPU
	EndGlobalSection
	GlobalSection(ProjectConfigurationPlatforms) = postSolution
		{611F0AF1-36CD-4889-B5B2-9FFA736E711C}.Debug|Any CPU.ActiveCfg = Debug|Any CPU
		{611F0AF1-36CD-4889-B5B2-9FFA736E711C}.Debug|Any CPU.Build.0 = Debug|Any CPU
		{611F0AF1-36CD-4889-B5B2-9FFA736E711C}.Release|Any CPU.ActiveCfg = Release|Any CPU
		{611F0AF1-36CD-4889-B5B2-9FFA736E711C}.Release|Any CPU.Build.0 = Release|Any CPU
		{4D0CCA76-2DE3-4185-A8B3-FFBD3E0059E3}.Debug|Any CPU.ActiveCfg = Debug|Any CPU
		{4D0CCA76-2DE3-4185-A8B3-FFBD3E0059E3}.Debug|Any CPU.Build.0 = Debug|Any CPU
		{4D0CCA76-2DE3-4185-A8B3-FFBD3E0059E3}.Release|Any CPU.ActiveCfg = Release|Any CPU
		{4D0CCA76-2DE3-4185-A8B3-FFBD3E0059E3}.Release|Any CPU.Build.0 = Release|Any CPU
		{19478AD5-1383-4410-AFCF-58CDDCE28C29}.Debug|Any CPU.ActiveCfg = Debug|Any CPU
		{19478AD5-1383-4410-AFCF-58CDDCE28C29}.Debug|Any CPU.Build.0 = Debug|Any CPU
		{19478AD5-1383-4410-AFCF-58CDDCE28C29}.Release|Any CPU.ActiveCfg = Release|Any CPU
		{19478AD5-1383-4410-AFCF-58CDDCE28C29}.Release|Any CPU.Build.0 = Release|Any CPU
	EndGlobalSection
	GlobalSection(SolutionProperties) = preSolution
		HideSolutionNode = FALSE
	EndGlobalSection
	GlobalSection(ExtensibilityGlobals) = postSolution
		SolutionGuid = {EDFF0F88-5CC5-4008-85E0-C38F3CCEA21D}
	EndGlobalSection
EndGlobal
